{
  "name": "dsh-ui-scale",
  "version": "0.1.4",
  "lockfileVersion": 3,
  "requires": true,
  "packages": {
    "": {
      "name": "dsh-ui-scale",
      "version": "0.1.4",
      "license": "MIT",
      "devDependencies": {
        "@biomejs/biome": "2.5.1",
        "@deepseek-ai/cordis": "4.0.5-alpha.1",
        "@deepseek-ai/dsh-client-locale": "0.2.1-alpha.2",
        "@deepseek-ai/dsh-client-store": "0.2.1-alpha.2",
        "@deepseek-ai/dsh-client-ui-renderer": "0.2.1-alpha.2",
        "@deepseek-ai/dsh-client-ui-settings": "0.2.1-alpha.2",
        "@deepseek-ai/dsh-client-ui-slots": "0.2.1-alpha.2",
        "@deepseek-ai/dsh-host-webserver": "0.2.1-alpha.2",
        "@deepseek-ai/schemastery": "3.18.5-alpha.1",
        "@types/react": "18.3.28",
        "typescript": "^6.0.3"
      },
      "peerDependencies": {
        "@deepseek-ai/schemastery": "*"
      }
    },
    "node_modules/@biomejs/biome": {
      "version": "2.5.1",
      "resolved": "https://registry.npmjs.org/@biomejs/biome/-/biome-2.5.1.tgz",
      "integrity": "sha512-IXWLCxKmae+rI7LOHS1B3EbVisQ6GRAWbhN9msa6KjNCyFWrvKZWR4oUdinaNssrV852OrSHuSPa95h1GPJc7Q==",
      "dev": true,
      "bin": {
        "biome": "bin/biome"
      },
      "engines": {
        "node": ">=14.21.3"
      },
      "funding": {
        "type": "opencollective",
        "url": "https://opencollective.com/biome"
      },
      "optionalDependencies": {
        "@biomejs/cli-darwin-arm64": "2.5.1",
        "@biomejs/cli-darwin-x64": "2.5.1",
        "@biomejs/cli-linux-arm64": "2.5.1",
        "@biomejs/cli-linux-arm64-musl": "2.5.1",
        "@biomejs/cli-linux-x64": "2.5.1",
        "@biomejs/cli-linux-x64-musl": "2.5.1",
        "@biomejs/cli-win32-arm64": "2.5.1",
        "@biomejs/cli-win32-x64": "2.5.1"
      }
    },
    "node_modules/@biomejs/cli-darwin-arm64": {
      "version": "2.5.1",
      "resolved": "https://registry.npmjs.org/@biomejs/cli-darwin-arm64/-/cli-darwin-arm64-2.5.1.tgz",
      "integrity": "sha512-npqDzvqv7vFaWRiNN1Te71siRgPaqS9MpqgYCdP/CrUbkJ7ApezaeaKjueKHRN/JH/6lRjJQAHi8acQDCAz22w==",
      "cpu": [
        "arm64"
      ],
      "dev": true,
      "optional": true,
      "os": [
        "darwin"
      ],
      "engines": {
        "node": ">=14.21.3"
      }
    },
    "node_modules/@biomejs/cli-darwin-x64": {
      "version": "2.5.1",
      "resolved": "https://registry.npmjs.org/@biomejs/cli-darwin-x64/-/cli-darwin-x64-2.5.1.tgz",
      "integrity": "sha512-RgwTqPAM8g2tn1j+b5oRjF/DbSBX8a4gwojtuG9XuhfK7GgomvZ9+T+tqjXiVbjLEeGJOoL6VEk8mvRTVeSybw==",
      "cpu": [
        "x64"
      ],
      "dev": true,
      "optional": true,
      "os": [
        "darwin"
      ],
      "engines": {
        "node": ">=14.21.3"
      }
    },
    "node_modules/@biomejs/cli-linux-arm64": {
      "version": "2.5.1",
      "resolved": "https://registry.npmjs.org/@biomejs/cli-linux-arm64/-/cli-linux-arm64-2.5.1.tgz",
      "integrity": "sha512-yhV35CzZh38VyMvTEXi3JTjxZBs++oCKK9KG8vB6VI5+uvQvZNR3BFWEKKzuOmx9DJJj7sQpZ4LQJcmbGTs3+Q==",
      "cpu": [
        "arm64"
      ],
      "dev": true,
      "optional": true,
      "os": [
        "linux"
      ],
      "engines": {
        "node": ">=14.21.3"
      }
    },
    "node_modules/@biomejs/cli-linux-arm64-musl": {
      "version": "2.5.1",
      "resolved": "https://registry.npmjs.org/@biomejs/cli-linux-arm64-musl/-/cli-linux-arm64-musl-2.5.1.tgz",
      "integrity": "sha512-WMcvMLgByyTqVxGlq918NBBYliq9FRR9GAQVETHb+VjGVqXCZFfHlZHC1FX4ibuYY/Hg6TJE3rHU0xVrdJXNRw==",
      "cpu": [
        "arm64"
      ],
      "dev": true,
      "optional": true,
      "os": [
        "linux"
      ],
      "engines": {
        "node": ">=14.21.3"
      }
    },
    "node_modules/@biomejs/cli-linux-x64": {
      "version": "2.5.1",
      "resolved": "https://registry.npmjs.org/@biomejs/cli-linux-x64/-/cli-linux-x64-2.5.1.tgz",
      "integrity": "sha512-J/7uHSX7NfoYDI7HijAkd8lnQIOrRb2W7j3X+tw4R+N5ExvXGsyXFiGdQcfcxfOmNQmZVSQOCDk757fwpzqQcg==",
      "cpu": [
        "x64"
      ],
      "dev": true,
      "optional": true,
      "os": [
        "linux"
      ],
      "engines": {
        "node": ">=14.21.3"
      }
    },
    "node_modules/@biomejs/cli-linux-x64-musl": {
      "version": "2.5.1",
      "resolved": "https://registry.npmjs.org/@biomejs/cli-linux-x64-musl/-/cli-linux-x64-musl-2.5.1.tgz",
      "integrity": "sha512-ANTowtlLmPYm5yeMckWY8Xzb9Ix+JJP3tgHR/n6xRj1VWyIzzWtfRfih9hv9VmClwadpBvZduISZIbBsIlYG3A==",
      "cpu": [
        "x64"
      ],
      "dev": true,
      "optional": true,
      "os": [
        "linux"
      ],
      "engines": {
        "node": ">=14.21.3"
      }
    },
    "node_modules/@biomejs/cli-win32-arm64": {
      "version": "2.5.1",
      "resolved": "https://registry.npmjs.org/@biomejs/cli-win32-arm64/-/cli-win32-arm64-2.5.1.tgz",
      "integrity": "sha512-zgXnKNgWPC4iPF7Y1lR3STUeCUuZRpD6IiOrC7TZTlh0Lx6FiVUT05myuMQHQ9D+1cc7uyMldi4forE6lp0ivQ==",
      "cpu": [
        "arm64"
      ],
      "dev": true,
      "optional": true,
      "os": [
        "win32"
      ],
      "engines": {
        "node": ">=14.21.3"
      }
    },
    "node_modules/@biomejs/cli-win32-x64": {
      "version": "2.5.1",
      "resolved": "https://registry.npmjs.org/@biomejs/cli-win32-x64/-/cli-win32-x64-2.5.1.tgz",
      "integrity": "sha512-6uxpR9hvaglANkZemeSiN/FhYgkGasrEGn267eXIWvjrjJ2LhDlk251IhjVJq6MXzkV2/bcXwLwSroLyPtqRZg==",
      "cpu": [
        "x64"
      ],
      "dev": true,
      "optional": true,
      "os": [
        "win32"
      ],
      "engines": {
        "node": ">=14.21.3"
      }
    },
    "node_modules/@deepseek-ai/cordis": {
      "version": "4.0.5-alpha.1",
      "resolved": "https://registry.npmjs.org/@deepseek-ai/cordis/-/cordis-4.0.5-alpha.1.tgz",
      "integrity": "sha512-I0akiPAK9EEWO+GMAO0YGbn3/rzg/yopaxohBaG9JHM8dDzGaCZNp3mehjeC66IQL0AyTyDwvgv7v1aB+eMnKQ==",
      "dev": true,
      "dependencies": {
        "@deepseek-ai/cosmokit": "~1.8.6-alpha.1",
        "@standard-schema/spec": "^1.1.0"
      },
      "bin": {
        "cordis": "bin.js"
      },
      "peerDependencies": {
        "@deepseek-ai/cordis-plugin-include": "~1.0.10-alpha.1",
        "@deepseek-ai/cordis-plugin-loader": "~1.0.6-alpha.1"
      },
      "peerDependenciesMeta": {
        "@deepseek-ai/cordis-plugin-include": {
          "optional": true
        },
        "@deepseek-ai/cordis-plugin-loader": {
          "optional": true
        }
      }
    },
    "node_modules/@deepseek-ai/cosmokit": {
      "version": "1.8.6-alpha.1",
      "resolved": "https://registry.npmjs.org/@deepseek-ai/cosmokit/-/cosmokit-1.8.6-alpha.1.tgz",
      "integrity": "sha512-qtuYVBRu7VrD1jLHvaM5sSShtBVgff/0R5vx57fsHUeeobvvv5TmtnTrs0+h4H263kF3ie25VO70Ija8R1eaow==",
      "dev": true
    },
    "node_modules/@deepseek-ai/dsh-client-locale": {
      "version": "0.2.1-alpha.2",
      "resolved": "https://registry.npmjs.org/@deepseek-ai/dsh-client-locale/-/dsh-client-locale-0.2.1-alpha.2.tgz",
      "integrity": "sha512-DqAlZVpGjydjpkIwW0GPIr5uTEIKDs1uXngeaoNnJneF944iXdBOzp3ZQffJ8jxdg0YMud0GZtQp2ZjWpBuHrg==",
      "dev": true,
      "dependencies": {
        "@deepseek-ai/schemastery": "~3.18.5-alpha.1"
      },
      "peerDependencies": {
        "@deepseek-ai/cordis": "~4.0.5-alpha.1"
      }
    },
    "node_modules/@deepseek-ai/dsh-client-store": {
      "version": "0.2.1-alpha.2",
      "resolved": "https://registry.npmjs.org/@deepseek-ai/dsh-client-store/-/dsh-client-store-0.2.1-alpha.2.tgz",
      "integrity": "sha512-MB4Wi/SOhPIy9cubSe8IHcxp1pDH+Bph1DVkJnyUsrj4cXWLaD8/o0oxVoLTn3bfBihRXBkNFwK4H+OSh5HTzg==",
      "dev": true,
      "peerDependencies": {
        "@deepseek-ai/cordis": "~4.0.5-alpha.1"
      }
    },
    "node_modules/@deepseek-ai/dsh-client-ui-renderer": {
      "version": "0.2.1-alpha.2",
      "resolved": "https://registry.npmjs.org/@deepseek-ai/dsh-client-ui-renderer/-/dsh-client-ui-renderer-0.2.1-alpha.2.tgz",
      "integrity": "sha512-vG4+tOTkGDkpW9TfEGFgXtPZwZOAZV/nO3KyQpmBStCeewzTdOFF7lIwiYj49R4iP1f2mo3wQugIGejpf85//A==",
      "dev": true,
      "peerDependencies": {
        "@deepseek-ai/cordis": "~4.0.5-alpha.1"
      }
    },
    "node_modules/@deepseek-ai/dsh-client-ui-settings": {
      "version": "0.2.1-alpha.2",
      "resolved": "https://registry.npmjs.org/@deepseek-ai/dsh-client-ui-settings/-/dsh-client-ui-settings-0.2.1-alpha.2.tgz",
      "integrity": "sha512-kVNTzpbNwQsxc7V8BO5+Ycs+ZQQxg+0KQV1IDrocec1v4OvdAkfS47G15q0on5tBe8mpynFNXSroLr0zgED0UQ==",
      "dev": true,
      "dependencies": {
        "@deepseek-ai/schemastery": "~3.18.5-alpha.1"
      },
      "peerDependencies": {
        "@deepseek-ai/cordis": "~4.0.5-alpha.1"
      }
    },
    "node_modules/@deepseek-ai/dsh-client-ui-slots": {
      "version": "0.2.1-alpha.2",
      "resolved": "https://registry.npmjs.org/@deepseek-ai/dsh-client-ui-slots/-/dsh-client-ui-slots-0.2.1-alpha.2.tgz",
      "integrity": "sha512-OchP2oVNa+yHWygUrws/eEM0wgwUfxgzzPB0YwYjTu6Rj+cIM+wUEAM0kaFZ1gGuwtltfh710SLYev/HkKoiGA==",
      "dev": true,
      "peerDependencies": {
        "@deepseek-ai/cordis": "~4.0.5-alpha.1"
      }
    },
    "node_modules/@deepseek-ai/dsh-host-webserver": {
      "version": "0.2.1-alpha.2",
      "resolved": "https://registry.npmjs.org/@deepseek-ai/dsh-host-webserver/-/dsh-host-webserver-0.2.1-alpha.2.tgz",
      "integrity": "sha512-wu5rAUaPhrzoTNvE6kxX3zQF+ufHuB6GqkTlVSY7aETrJ3XnUF9CG4oxI6WlLwrLuUeiN1t6xY5CW9RzPsVfag==",
      "dev": true,
      "dependencies": {
        "@deepseek-ai/schemastery": "~3.18.5-alpha.1",
        "compression": "^1.8.1",
        "ipaddr.js": "^2.5.0",
        "negotiator": "^1.1.0"
      },
      "peerDependencies": {
        "@deepseek-ai/cordis": "~4.0.5-alpha.1"
      }
    },
    "node_modules/@deepseek-ai/schemastery": {
      "version": "3.18.5-alpha.1",
      "resolved": "https://registry.npmjs.org/@deepseek-ai/schemastery/-/schemastery-3.18.5-alpha.1.tgz",
      "integrity": "sha512-HojoBv1wMQn6N8nDgTgWbc/f4EFAlg/ZsIYN2AChnEDoFOmcWd3+MDzhozNffmywywzV7pcouHRR4x37YZfcjA==",
      "dev": true,
      "dependencies": {
        "@deepseek-ai/cosmokit": "~1.8.6-alpha.1",
        "@standard-schema/spec": "^1.1.0"
      }
    },
    "node_modules/@standard-schema/spec": {
      "version": "1.1.0",
      "resolved": "https://registry.npmjs.org/@standard-schema/spec/-/spec-1.1.0.tgz",
      "integrity": "sha512-l2aFy5jALhniG5HgqrD6jXLi/rUWrKvqN/qJx6yoJsgKhblVd+iqqU4RCXavm/jPityDo5TCvKMnpjKnOriy0w==",
      "dev": true,
      "license": "MIT"
    },
    "node_modules/@types/prop-types": {
      "version": "15.7.15",
      "resolved": "https://registry.npmjs.org/@types/prop-types/-/prop-types-15.7.15.tgz",
      "integrity": "sha512-F6bEyamV9jKGAFBEmlQnesRPGOQqS2+Uwi0Em15xenOxHaf2hv6L8YCVn3rPdPJOiJfPiCnLIRyvwVaqMY3MIw==",
      "dev": true,
      "license": "MIT"
    },
    "node_modules/@types/react": {
      "version": "18.3.28",
      "resolved": "https://registry.npmjs.org/@types/react/-/react-18.3.28.tgz",
      "integrity": "sha512-z9VXpC7MWrhfWipitjNdgCauoMLRdIILQsAEV+ZesIzBq/oUlxk0m3ApZuMFCXdnS4U7KrI+l3WRUEGQ8K1QKw==",
      "dev": true,
      "license": "MIT",
      "dependencies": {
        "@types/prop-types": "*",
        "csstype": "^3.2.2"
      }
    },
    "node_modules/bytes": {
      "version": "3.1.2",
      "resolved": "https://registry.npmjs.org/bytes/-/bytes-3.1.2.tgz",
      "integrity": "sha512-/Nf7TyzTx6S3yRJObOAV7956r8cr2+Oj8AC5dt8wSP3BQAoeX58NoHyCU8P8zGkNXStjTSi6fzO6F0pBdcYbEg==",
      "dev": true,
      "license": "MIT",
      "engines": {
        "node": ">= 0.8"
      }
    },
    "node_modules/compressible": {
      "version": "2.0.18",
      "resolved": "https://registry.npmjs.org/compressible/-/compressible-2.0.18.tgz",
      "integrity": "sha512-AF3r7P5dWxL8MxyITRMlORQNaOA2IkAFaTr4k7BUumjPtRpGDTZpl0Pb1XCO6JeDCBdp126Cgs9sMxqSjgYyRg==",
      "dev": true,
      "license": "MIT",
      "dependencies": {
        "mime-db": ">= 1.43.0 < 2"
      },
      "engines": {
        "node": ">= 0.6"
      }
    },
    "node_modules/compression": {
      "version": "1.8.2",
      "resolved": "https://registry.npmjs.org/compression/-/compression-1.8.2.tgz",
      "integrity": "sha512-o8vI5RE5A6EVVOd9o41jKp41aJom+QTEO/Bx8MYNjexMo/Bv2WOjUfZr+aL0WnYSgymUy6zeguqLTsIhV0gMvQ==",
      "dev": true,
      "license": "MIT",
      "dependencies": {
        "bytes": "3.1.2",
        "compressible": "~2.0.18",
        "debug": "2.6.9",
        "destroy": "1.2.0",
        "negotiator": "~0.6.4",
        "on-headers": "~1.1.0",
        "safe-buffer": "5.2.1",
        "vary": "~1.1.2"
      },
      "engines": {
        "node": ">= 0.8.0"
      },
      "funding": {
        "type": "opencollective",
        "url": "https://opencollective.com/express"
      }
    },
    "node_modules/compression/node_modules/negotiator": {
      "version": "0.6.4",
      "resolved": "https://registry.npmjs.org/negotiator/-/negotiator-0.6.4.tgz",
      "integrity": "sha512-myRT3DiWPHqho5PrJaIRyaMv2kgYf0mUVgBNOYMuCH5Ki1yEiQaf/ZJuQ62nvpc44wL5WDbTX7yGJi1Neevw8w==",
      "dev": true,
      "license": "MIT",
      "engines": {
        "node": ">= 0.6"
      }
    },
    "node_modules/content-type": {
      "version": "2.1.0",
      "resolved": "https://registry.npmjs.org/content-type/-/content-type-2.1.0.tgz",
      "integrity": "sha512-mj7UPXE0jaqaOsukNZRUEfEi2AcL7C/vwmwcHV0O97eO1E1pxBZuyjlZrx5seTaNBg1U6+o35wpa35Qfcc+7ag==",
      "dev": true,
      "license": "MIT",
      "engines": {
        "node": ">=18"
      },
      "funding": {
        "type": "opencollective",
        "url": "https://opencollective.com/express"
      }
    },
    "node_modules/csstype": {
      "version": "3.2.3",
      "resolved": "https://registry.npmjs.org/csstype/-/csstype-3.2.3.tgz",
      "integrity": "sha512-z1HGKcYy2xA8AGQfwrn0PAy+PB7X/GSj3UVJW9qKyn43xWa+gl5nXmU4qqLMRzWVLFC8KusUX8T/0kCiOYpAIQ==",
      "dev": true,
      "license": "MIT"
    },
    "node_modules/debug": {
      "version": "2.6.9",
      "resolved": "https://registry.npmjs.org/debug/-/debug-2.6.9.tgz",
      "integrity": "sha512-bC7ElrdJaJnPbAP+1EotYvqZsb3ecl5wi6Bfi6BJTUcNowp6cvspg0jXznRTKDjm/E7AdgFBVeAPVMNcKGsHMA==",
      "dev": true,
      "license": "MIT",
      "dependencies": {
        "ms": "2.0.0"
      }
    },
    "node_modules/destroy": {
      "version": "1.2.0",
      "resolved": "https://registry.npmjs.org/destroy/-/destroy-1.2.0.tgz",
      "integrity": "sha512-2sJGJTaXIIaR1w4iJSNoN0hnMY7Gpc/n8D4qSCJw8QqFWXf7cuAgnEHxBpweaVcPevC2l3KpjYCx3NypQQgaJg==",
      "dev": true,
      "license": "MIT",
      "engines": {
        "node": ">= 0.8",
        "npm": "1.2.8000 || >= 1.4.16"
      }
    },
    "node_modules/ipaddr.js": {
      "version": "2.5.0",
      "resolved": "https://registry.npmjs.org/ipaddr.js/-/ipaddr.js-2.5.0.tgz",
      "integrity": "sha512-aq+t5NAc+cS6rZQQVWC2x98CPqGtKKTMDd4Gaodv0wShnItdKg/51djkGJ1hqH+Oy0ivDftCbSLCQob8zso01w==",
      "dev": true,
      "engines": {
        "node": ">= 10"
      }
    },
    "node_modules/mime-db": {
      "version": "1.54.0",
      "resolved": "https://registry.npmjs.org/mime-db/-/mime-db-1.54.0.tgz",
      "integrity": "sha512-aU5EJuIN2WDemCcAp2vFBfp/m4EAhWJnUNSSw0ixs7/kXbd6Pg64EmwJkNdFhB8aWt1sH2CTXrLxo/iAGV3oPQ==",
      "dev": true,
      "license": "MIT",
      "engines": {
        "node": ">= 0.6"
      }
    },
    "node_modules/ms": {
      "version": "2.0.0",
      "resolved": "https://registry.npmjs.org/ms/-/ms-2.0.0.tgz",
      "integrity": "sha512-Tpp60P6IUJDTuOq/5Z8cdskzJujfwqfOTkrwIwj7IRISpnkJnT6SyJ4PCPnGMoFjC9ddhal5KVIYtAt97ix05A==",
      "dev": true,
      "license": "MIT"
    },
    "node_modules/negotiator": {
      "version": "1.1.0",
      "resolved": "https://registry.npmjs.org/negotiator/-/negotiator-1.1.0.tgz",
      "integrity": "sha512-NMPBRMJgiQHjbd8phG3Vebdx4kZ1H121rbl5IkMqeOsahptB9BKo/d7oJ3zTXqTgagn2bWlNSXkh0QUGM31RYg==",
      "dev": true,
      "license": "MIT",
      "dependencies": {
        "content-type": "^2.1.0"
      },
      "engines": {
        "node": ">=18"
      },
      "funding": {
        "type": "opencollective",
        "url": "https://opencollective.com/express"
      }
    },
    "node_modules/on-headers": {
      "version": "1.1.0",
      "resolved": "https://registry.npmjs.org/on-headers/-/on-headers-1.1.0.tgz",
      "integrity": "sha512-737ZY3yNnXy37FHkQxPzt4UZ2UWPWiCZWLvFZ4fu5cueciegX0zGPnrlY6bwRg4FdQOe9YU8MkmJwGhoMybl8A==",
      "dev": true,
      "license": "MIT",
      "engines": {
        "node": ">= 0.8"
      }
    },
    "node_modules/safe-buffer": {
      "version": "5.2.1",
      "resolved": "https://registry.npmjs.org/safe-buffer/-/safe-buffer-5.2.1.tgz",
      "integrity": "sha512-rp3So07KcdmmKbGvgaNxQSJr7bGVSVk5S9Eq1F+ppbRo70+YeaDxkw5Dd8NPN+GD6bjnYm2VuPuCXmpuYvmCXQ==",
      "dev": true,
      "funding": [
        {
          "type": "github",
          "url": "https://github.com/sponsors/feross"
        },
        {
          "type": "patreon",
          "url": "https://www.patreon.com/feross"
        },
        {
          "type": "consulting",
          "url": "https://feross.org/support"
        }
      ],
      "license": "MIT"
    },
    "node_modules/typescript": {
      "version": "6.0.3",
      "resolved": "https://registry.npmjs.org/typescript/-/typescript-6.0.3.tgz",
      "integrity": "sha512-y2TvuxSZPDyQakkFRPZHKFm+KKVqIisdg9/CZwm9ftvKXLP8NRWj38/ODjNbr43SsoXqNuAisEf1GdCxqWcdBw==",
      "dev": true,
      "license": "Apache-2.0",
      "bin": {
        "tsc": "bin/tsc",
        "tsserver": "bin/tsserver"
      },
      "engines": {
        "node": ">=14.17"
      }
    },
    "node_modules/vary": {
      "version": "1.1.2",
      "resolved": "https://registry.npmjs.org/vary/-/vary-1.1.2.tgz",
      "integrity": "sha512-BNGbWLfd0eUPabhkXUVm0j8uuvREyTh5ovRa/dyow/BqAbZJyC+5fU+IzQOzmAKzYqYRAISoRhdQr3eIZ/PXqg==",
      "dev": true,
      "license": "MIT",
      "engines": {
        "node": ">= 0.8"
      }
    }
  }
}
